{
  "originHash" : "5a5eb078b93c54704423a3d5bdea0f7459212f9a583baf15820d7ed80b1bab0e",
  "pins" : [
    {
      "identity" : "http-client",
      "kind" : "remoteSourceControl",
      "location" : "https://github.com/zunda-pixel/http-client",
      "state" : {
        "revision" : "2a073b058e4c2ffc2810373ac98dc2eeb5974e5e",
        "version" : "0.3.1"
      }
    },
    {
      "identity" : "protobufkit",
      "kind" : "remoteSourceControl",
      "location" : "https://github.com/OpenSwiftUIProject/ProtobufKit",
      "state" : {
        "revision" : "937eae5426277bec040c7f99bc8e1498c30ed467",
        "version" : "0.1.2"
      }
    },
    {
      "identity" : "swift-currency",
      "kind" : "remoteSourceControl",
      "location" : "https://github.com/zunda-pixel/swift-currency",
      "state" : {
        "revision" : "476562c17ec5ed2d96794f13a24df86eb7bf96b5",
        "version" : "0.0.1"
      }
    },
    {
      "identity" : "swift-http-types",
      "kind" : "remoteSourceControl",
      "location" : "https://github.com/apple/swift-http-types",
      "state" : {
        "revision" : "a0a57e949a8903563aba4615869310c0ebf14c03",
        "version" : "1.4.0"
      }
    }
  ],
  "version" : 3
}
